
Microsoft Visual Studio Solution File, Format Version 12.00
# Visual Studio Version 17
VisualStudioVersion = 17.3.32825.248
MinimumVisualStudioVersion = 10.0.40219.1
Project("{2150E333-8FDC-42A3-9474-1A3956D46DE8}") = "src", "src", "{D0419CA9-80EA-4720-ADC2-217E3D393FDB}"
EndProject
Project("{2150E333-8FDC-42A3-9474-1A3956D46DE8}") = "demoProjects", "demoProjects", "{4BC31DE0-E062-4F33-8CA8-9FB7AD28CD3C}"
EndProject
Project("{2150E333-8FDC-42A3-9474-1A3956D46DE8}") = "corePackages", "corePackages", "{A2354AE9-3452-4060-90C5-C0E9E49057FA}"
EndProject
Project("{FAE04EC0-301F-11D3-BF4B-00C04F79EFBC}") = "Core.Application", "src\corePackages\Core.Application\Core.Application.csproj", "{4A87C9B2-008C-4DF9-87DA-EC8075642A7C}"
EndProject
Project("{FAE04EC0-301F-11D3-BF4B-00C04F79EFBC}") = "Core.Persistence", "src\corePackages\Core.Persistence\Core.Persistence.csproj", "{34A0C095-AFD1-4F66-8184-16260855F7E7}"
EndProject
Project("{FAE04EC0-301F-11D3-BF4B-00C04F79EFBC}") = "Core.Emailing", "src\corePackages\Core.Emailing\Core.Emailing.csproj", "{9318557E-7449-4B5E-A7F2-872B4713A9A9}"
EndProject
Project("{FAE04EC0-301F-11D3-BF4B-00C04F79EFBC}") = "Core.ElasticSearch", "src\corePackages\Core.ElasticSearch\Core.ElasticSearch.csproj", "{53F19E48-A8B7-41C6-B5D3-8E34794E6A19}"
EndProject
Project("{FAE04EC0-301F-11D3-BF4B-00C04F79EFBC}") = "Core.CrossCuttingConcern", "src\corePackages\Core.CrossCuttingConcern\Core.CrossCuttingConcern.csproj", "{010545A6-0644-4D5A-B563-C9E1C7469539}"
EndProject
Project("{2150E333-8FDC-42A3-9474-1A3956D46DE8}") = "Kodlama.io.Devs", "Kodlama.io.Devs", "{87189E0B-A1B7-4938-9F5D-83DD3333E2C3}"
EndProject
Project("{FAE04EC0-301F-11D3-BF4B-00C04F79EFBC}") = "WebAPI", "src\demoProjects\Kodlama.io.Devs\WebAPI\WebAPI.csproj", "{4723F8E8-92A3-41E3-8217-CB58025AB5D5}"
EndProject
Project("{FAE04EC0-301F-11D3-BF4B-00C04F79EFBC}") = "Application", "src\demoProjects\Kodlama.io.Devs\Application\Application.csproj", "{E39C2C05-8A26-4901-8417-3D4DE28CFC72}"
EndProject
Project("{FAE04EC0-301F-11D3-BF4B-00C04F79EFBC}") = "Domain", "src\demoProjects\Kodlama.io.Devs\Domain\Domain.csproj", "{496E5EE3-939F-44C2-8E46-84B7A631D3A8}"
EndProject
Project("{FAE04EC0-301F-11D3-BF4B-00C04F79EFBC}") = "Persistence", "src\demoProjects\Kodlama.io.Devs\Persistence\Persistence.csproj", "{BD326F52-9D3B-4EC1-89D1-2AA944A81329}"
EndProject
Project("{FAE04EC0-301F-11D3-BF4B-00C04F79EFBC}") = "Infrastructure", "src\demoProjects\Kodlama.io.Devs\Infrastructure\Infrastructure.csproj", "{463E630A-C7BB-45D0-AB8E-DEFC79911C47}"
EndProject
Global
	GlobalSection(SolutionConfigurationPlatforms) = preSolution
		Debug|Any CPU = Debug|Any CPU
		Release|Any CPU = Release|Any CPU
	EndGlobalSection
	GlobalSection(ProjectConfigurationPlatforms) = postSolution
		{4A87C9B2-008C-4DF9-87DA-EC8075642A7C}.Debug|Any CPU.ActiveCfg = Debug|Any CPU
		{4A87C9B2-008C-4DF9-87DA-EC8075642A7C}.Debug|Any CPU.Build.0 = Debug|Any CPU
		{4A87C9B2-008C-4DF9-87DA-EC8075642A7C}.Release|Any CPU.ActiveCfg = Release|Any CPU
		{4A87C9B2-008C-4DF9-87DA-EC8075642A7C}.Release|Any CPU.Build.0 = Release|Any CPU
		{34A0C095-AFD1-4F66-8184-16260855F7E7}.Debug|Any CPU.ActiveCfg = Debug|Any CPU
		{34A0C095-AFD1-4F66-8184-16260855F7E7}.Debug|Any CPU.Build.0 = Debug|Any CPU
		{34A0C095-AFD1-4F66-8184-16260855F7E7}.Release|Any CPU.ActiveCfg = Release|Any CPU
		{34A0C095-AFD1-4F66-8184-16260855F7E7}.Release|Any CPU.Build.0 = Release|Any CPU
		{9318557E-7449-4B5E-A7F2-872B4713A9A9}.Debug|Any CPU.ActiveCfg = Debug|Any CPU
		{9318557E-7449-4B5E-A7F2-872B4713A9A9}.Debug|Any CPU.Build.0 = Debug|Any CPU
		{9318557E-7449-4B5E-A7F2-872B4713A9A9}.Release|Any CPU.ActiveCfg = Release|Any CPU
		{9318557E-7449-4B5E-A7F2-872B4713A9A9}.Release|Any CPU.Build.0 = Release|Any CPU
		{53F19E48-A8B7-41C6-B5D3-8E34794E6A19}.Debug|Any CPU.ActiveCfg = Debug|Any CPU
		{53F19E48-A8B7-41C6-B5D3-8E34794E6A19}.Debug|Any CPU.Build.0 = Debug|Any CPU
		{53F19E48-A8B7-41C6-B5D3-8E34794E6A19}.Release|Any CPU.ActiveCfg = Release|Any CPU
		{53F19E48-A8B7-41C6-B5D3-8E34794E6A19}.Release|Any CPU.Build.0 = Release|Any CPU
		{010545A6-0644-4D5A-B563-C9E1C7469539}.Debug|Any CPU.ActiveCfg = Debug|Any CPU
		{010545A6-0644-4D5A-B563-C9E1C7469539}.Debug|Any CPU.Build.0 = Debug|Any CPU
		{010545A6-0644-4D5A-B563-C9E1C7469539}.Release|Any CPU.ActiveCfg = Release|Any CPU
		{010545A6-0644-4D5A-B563-C9E1C7469539}.Release|Any CPU.Build.0 = Release|Any CPU
		{4723F8E8-92A3-41E3-8217-CB58025AB5D5}.Debug|Any CPU.ActiveCfg = Debug|Any CPU
		{4723F8E8-92A3-41E3-8217-CB58025AB5D5}.Debug|Any CPU.Build.0 = Debug|Any CPU
		{4723F8E8-92A3-41E3-8217-CB58025AB5D5}.Release|Any CPU.ActiveCfg = Release|Any CPU
		{4723F8E8-92A3-41E3-8217-CB58025AB5D5}.Release|Any CPU.Build.0 = Release|Any CPU
		{E39C2C05-8A26-4901-8417-3D4DE28CFC72}.Debug|Any CPU.ActiveCfg = Debug|Any CPU
		{E39C2C05-8A26-4901-8417-3D4DE28CFC72}.Debug|Any CPU.Build.0 = Debug|Any CPU
		{E39C2C05-8A26-4901-8417-3D4DE28CFC72}.Release|Any CPU.ActiveCfg = Release|Any CPU
		{E39C2C05-8A26-4901-8417-3D4DE28CFC72}.Release|Any CPU.Build.0 = Release|Any CPU
		{496E5EE3-939F-44C2-8E46-84B7A631D3A8}.Debug|Any CPU.ActiveCfg = Debug|Any CPU
		{496E5EE3-939F-44C2-8E46-84B7A631D3A8}.Debug|Any CPU.Build.0 = Debug|Any CPU
		{496E5EE3-939F-44C2-8E46-84B7A631D3A8}.Release|Any CPU.ActiveCfg = Release|Any CPU
		{496E5EE3-939F-44C2-8E46-84B7A631D3A8}.Release|Any CPU.Build.0 = Release|Any CPU
		{BD326F52-9D3B-4EC1-89D1-2AA944A81329}.Debug|Any CPU.ActiveCfg = Debug|Any CPU
		{BD326F52-9D3B-4EC1-89D1-2AA944A81329}.Debug|Any CPU.Build.0 = Debug|Any CPU
		{BD326F52-9D3B-4EC1-89D1-2AA944A81329}.Release|Any CPU.ActiveCfg = Release|Any CPU
		{BD326F52-9D3B-4EC1-89D1-2AA944A81329}.Release|Any CPU.Build.0 = Release|Any CPU
		{463E630A-C7BB-45D0-AB8E-DEFC79911C47}.Debug|Any CPU.ActiveCfg = Debug|Any CPU
		{463E630A-C7BB-45D0-AB8E-DEFC79911C47}.Debug|Any CPU.Build.0 = Debug|Any CPU
		{463E630A-C7BB-45D0-AB8E-DEFC79911C47}.Release|Any CPU.ActiveCfg = Release|Any CPU
		{463E630A-C7BB-45D0-AB8E-DEFC79911C47}.Release|Any CPU.Build.0 = Release|Any CPU
	EndGlobalSection
	GlobalSection(SolutionProperties) = preSolution
		HideSolutionNode = FALSE
	EndGlobalSection
	GlobalSection(NestedProjects) = preSolution
		{4BC31DE0-E062-4F33-8CA8-9FB7AD28CD3C} = {D0419CA9-80EA-4720-ADC2-217E3D393FDB}
		{A2354AE9-3452-4060-90C5-C0E9E49057FA} = {D0419CA9-80EA-4720-ADC2-217E3D393FDB}
		{4A87C9B2-008C-4DF9-87DA-EC8075642A7C} = {A2354AE9-3452-4060-90C5-C0E9E49057FA}
		{34A0C095-AFD1-4F66-8184-16260855F7E7} = {A2354AE9-3452-4060-90C5-C0E9E49057FA}
		{9318557E-7449-4B5E-A7F2-872B4713A9A9} = {A2354AE9-3452-4060-90C5-C0E9E49057FA}
		{53F19E48-A8B7-41C6-B5D3-8E34794E6A19} = {A2354AE9-3452-4060-90C5-C0E9E49057FA}
		{010545A6-0644-4D5A-B563-C9E1C7469539} = {A2354AE9-3452-4060-90C5-C0E9E49057FA}
		{87189E0B-A1B7-4938-9F5D-83DD3333E2C3} = {4BC31DE0-E062-4F33-8CA8-9FB7AD28CD3C}
		{4723F8E8-92A3-41E3-8217-CB58025AB5D5} = {87189E0B-A1B7-4938-9F5D-83DD3333E2C3}
		{E39C2C05-8A26-4901-8417-3D4DE28CFC72} = {87189E0B-A1B7-4938-9F5D-83DD3333E2C3}
		{496E5EE3-939F-44C2-8E46-84B7A631D3A8} = {87189E0B-A1B7-4938-9F5D-83DD3333E2C3}
		{BD326F52-9D3B-4EC1-89D1-2AA944A81329} = {87189E0B-A1B7-4938-9F5D-83DD3333E2C3}
		{463E630A-C7BB-45D0-AB8E-DEFC79911C47} = {87189E0B-A1B7-4938-9F5D-83DD3333E2C3}
	EndGlobalSection
	GlobalSection(ExtensibilityGlobals) = postSolution
		SolutionGuid = {8F784309-B089-4BED-9BC5-520B30CDE876}
	EndGlobalSection
EndGlobal
